
Microsoft Visual Studio Solution File, Format Version 12.00
# Visual Studio Version 17
VisualStudioVersion = 17.7.34031.279
MinimumVisualStudioVersion = 10.0.40219.1
Project("{8BC9CEB8-8B4A-11D0-8D11-00A0C91BC942}") = "HelloNRX", "HelloNRX.vcxproj", "{A8C63A28-5D03-46F9-AF7E-343C56980B60}"
EndProject
Global
	GlobalSection(SolutionConfigurationPlatforms) = preSolution
		Debug ACAD|x64 = Debug ACAD|x64
		Debug NCAD|x64 = Debug NCAD|x64
		Release ACAD|x64 = Release ACAD|x64
		Release NCAD|x64 = Release NCAD|x64
	EndGlobalSection
	GlobalSection(ProjectConfigurationPlatforms) = postSolution
		{A8C63A28-5D03-46F9-AF7E-343C56980B60}.Debug ACAD|x64.ActiveCfg = Debug ACAD|x64
		{A8C63A28-5D03-46F9-AF7E-343C56980B60}.Debug ACAD|x64.Build.0 = Debug ACAD|x64
		{A8C63A28-5D03-46F9-AF7E-343C56980B60}.Debug NCAD|x64.ActiveCfg = Debug NCAD|x64
		{A8C63A28-5D03-46F9-AF7E-343C56980B60}.Debug NCAD|x64.Build.0 = Debug NCAD|x64
		{A8C63A28-5D03-46F9-AF7E-343C56980B60}.Release ACAD|x64.ActiveCfg = Release ACAD|x64
		{A8C63A28-5D03-46F9-AF7E-343C56980B60}.Release ACAD|x64.Build.0 = Release ACAD|x64
		{A8C63A28-5D03-46F9-AF7E-343C56980B60}.Release NCAD|x64.ActiveCfg = Release NCAD|x64
		{A8C63A28-5D03-46F9-AF7E-343C56980B60}.Release NCAD|x64.Build.0 = Release NCAD|x64
	EndGlobalSection
	GlobalSection(SolutionProperties) = preSolution
		HideSolutionNode = FALSE
	EndGlobalSection
	GlobalSection(ExtensibilityGlobals) = postSolution
		SolutionGuid = {E0E99EEB-41AD-469B-A46F-23BFB36AEAF6}
	EndGlobalSection
EndGlobal
